
Microsoft Visual Studio Solution File, Format Version 12.00
# Visual Studio Version 17
VisualStudioVersion = 17.5.33530.505
MinimumVisualStudioVersion = 10.0.40219.1
Project("{FAE04EC0-301F-11D3-BF4B-00C04F79EFBC}") = "1", "1\1.csproj", "{EB18FA6A-D902-4D67-9AEA-E9DCF2A12B25}"
EndProject
Project("{FAE04EC0-301F-11D3-BF4B-00C04F79EFBC}") = "2", "2\2.csproj", "{52B795D3-1397-48FD-97C2-478F0F017253}"
EndProject
Project("{FAE04EC0-301F-11D3-BF4B-00C04F79EFBC}") = "a", "a\a.csproj", "{160EDF19-8918-44AF-A9C7-890017533251}"
EndProject
Project("{FAE04EC0-301F-11D3-BF4B-00C04F79EFBC}") = "3", "3\3.csproj", "{E1D5A35B-9EDB-4C45-B909-112C40734308}"
EndProject
Project("{FAE04EC0-301F-11D3-BF4B-00C04F79EFBC}") = "4", "4\4.csproj", "{0A71DF9A-A71F-4C57-891C-0CDF652FE022}"
EndProject
Project("{FAE04EC0-301F-11D3-BF4B-00C04F79EFBC}") = "5", "5\5.csproj", "{58AB0544-41FB-4EE1-A3D4-5FD7B8922AC3}"
EndProject
Project("{FAE04EC0-301F-11D3-BF4B-00C04F79EFBC}") = "6", "6\6.csproj", "{925910F9-68B2-4104-8148-A60193AC1DB2}"
EndProject
Global
	GlobalSection(SolutionConfigurationPlatforms) = preSolution
		Debug|Any CPU = Debug|Any CPU
		Release|Any CPU = Release|Any CPU
	EndGlobalSection
	GlobalSection(ProjectConfigurationPlatforms) = postSolution
		{EB18FA6A-D902-4D67-9AEA-E9DCF2A12B25}.Debug|Any CPU.ActiveCfg = Debug|Any CPU
		{EB18FA6A-D902-4D67-9AEA-E9DCF2A12B25}.Debug|Any CPU.Build.0 = Debug|Any CPU
		{EB18FA6A-D902-4D67-9AEA-E9DCF2A12B25}.Release|Any CPU.ActiveCfg = Release|Any CPU
		{EB18FA6A-D902-4D67-9AEA-E9DCF2A12B25}.Release|Any CPU.Build.0 = Release|Any CPU
		{52B795D3-1397-48FD-97C2-478F0F017253}.Debug|Any CPU.ActiveCfg = Debug|Any CPU
		{52B795D3-1397-48FD-97C2-478F0F017253}.Debug|Any CPU.Build.0 = Debug|Any CPU
		{52B795D3-1397-48FD-97C2-478F0F017253}.Release|Any CPU.ActiveCfg = Release|Any CPU
		{52B795D3-1397-48FD-97C2-478F0F017253}.Release|Any CPU.Build.0 = Release|Any CPU
		{160EDF19-8918-44AF-A9C7-890017533251}.Debug|Any CPU.ActiveCfg = Debug|Any CPU
		{160EDF19-8918-44AF-A9C7-890017533251}.Debug|Any CPU.Build.0 = Debug|Any CPU
		{160EDF19-8918-44AF-A9C7-890017533251}.Release|Any CPU.ActiveCfg = Release|Any CPU
		{160EDF19-8918-44AF-A9C7-890017533251}.Release|Any CPU.Build.0 = Release|Any CPU
		{E1D5A35B-9EDB-4C45-B909-112C40734308}.Debug|Any CPU.ActiveCfg = Debug|Any CPU
		{E1D5A35B-9EDB-4C45-B909-112C40734308}.Debug|Any CPU.Build.0 = Debug|Any CPU
		{E1D5A35B-9EDB-4C45-B909-112C40734308}.Release|Any CPU.ActiveCfg = Release|Any CPU
		{E1D5A35B-9EDB-4C45-B909-112C40734308}.Release|Any CPU.Build.0 = Release|Any CPU
		{0A71DF9A-A71F-4C57-891C-0CDF652FE022}.Debug|Any CPU.ActiveCfg = Debug|Any CPU
		{0A71DF9A-A71F-4C57-891C-0CDF652FE022}.Debug|Any CPU.Build.0 = Debug|Any CPU
		{0A71DF9A-A71F-4C57-891C-0CDF652FE022}.Release|Any CPU.ActiveCfg = Release|Any CPU
		{0A71DF9A-A71F-4C57-891C-0CDF652FE022}.Release|Any CPU.Build.0 = Release|Any CPU
		{58AB0544-41FB-4EE1-A3D4-5FD7B8922AC3}.Debug|Any CPU.ActiveCfg = Debug|Any CPU
		{58AB0544-41FB-4EE1-A3D4-5FD7B8922AC3}.Debug|Any CPU.Build.0 = Debug|Any CPU
		{58AB0544-41FB-4EE1-A3D4-5FD7B8922AC3}.Release|Any CPU.ActiveCfg = Release|Any CPU
		{58AB0544-41FB-4EE1-A3D4-5FD7B8922AC3}.Release|Any CPU.Build.0 = Release|Any CPU
		{925910F9-68B2-4104-8148-A60193AC1DB2}.Debug|Any CPU.ActiveCfg = Debug|Any CPU
		{925910F9-68B2-4104-8148-A60193AC1DB2}.Debug|Any CPU.Build.0 = Debug|Any CPU
		{925910F9-68B2-4104-8148-A60193AC1DB2}.Release|Any CPU.ActiveCfg = Release|Any CPU
		{925910F9-68B2-4104-8148-A60193AC1DB2}.Release|Any CPU.Build.0 = Release|Any CPU
	EndGlobalSection
	GlobalSection(SolutionProperties) = preSolution
		HideSolutionNode = FALSE
	EndGlobalSection
	GlobalSection(ExtensibilityGlobals) = postSolution
		SolutionGuid = {298971B0-C139-438D-B7DD-8727D643607A}
	EndGlobalSection
EndGlobal
