
Microsoft Visual Studio Solution File, Format Version 12.00
# Visual Studio Version 17
VisualStudioVersion = 17.8.34330.188
MinimumVisualStudioVersion = 10.0.40219.1
Project("{FAE04EC0-301F-11D3-BF4B-00C04F79EFBC}") = "Problem1", "Problem1\Problem1.csproj", "{D19C1F59-A6EA-425B-B75E-37F46BFED7A4}"
EndProject
Project("{FAE04EC0-301F-11D3-BF4B-00C04F79EFBC}") = "Problem2", "Problem2\Problem2.csproj", "{64EF4526-8F22-4D76-89C9-09A6CD35BF98}"
EndProject
Project("{FAE04EC0-301F-11D3-BF4B-00C04F79EFBC}") = "SharkTaxonomy", "Problem3\SharkTaxonomy.csproj", "{830D2B2C-0E7C-414D-BA63-9A298ED16EAF}"
EndProject
Global
	GlobalSection(SolutionConfigurationPlatforms) = preSolution
		Debug|Any CPU = Debug|Any CPU
		Release|Any CPU = Release|Any CPU
	EndGlobalSection
	GlobalSection(ProjectConfigurationPlatforms) = postSolution
		{D19C1F59-A6EA-425B-B75E-37F46BFED7A4}.Debug|Any CPU.ActiveCfg = Debug|Any CPU
		{D19C1F59-A6EA-425B-B75E-37F46BFED7A4}.Debug|Any CPU.Build.0 = Debug|Any CPU
		{D19C1F59-A6EA-425B-B75E-37F46BFED7A4}.Release|Any CPU.ActiveCfg = Release|Any CPU
		{D19C1F59-A6EA-425B-B75E-37F46BFED7A4}.Release|Any CPU.Build.0 = Release|Any CPU
		{64EF4526-8F22-4D76-89C9-09A6CD35BF98}.Debug|Any CPU.ActiveCfg = Debug|Any CPU
		{64EF4526-8F22-4D76-89C9-09A6CD35BF98}.Debug|Any CPU.Build.0 = Debug|Any CPU
		{64EF4526-8F22-4D76-89C9-09A6CD35BF98}.Release|Any CPU.ActiveCfg = Release|Any CPU
		{64EF4526-8F22-4D76-89C9-09A6CD35BF98}.Release|Any CPU.Build.0 = Release|Any CPU
		{830D2B2C-0E7C-414D-BA63-9A298ED16EAF}.Debug|Any CPU.ActiveCfg = Debug|Any CPU
		{830D2B2C-0E7C-414D-BA63-9A298ED16EAF}.Debug|Any CPU.Build.0 = Debug|Any CPU
		{830D2B2C-0E7C-414D-BA63-9A298ED16EAF}.Release|Any CPU.ActiveCfg = Release|Any CPU
		{830D2B2C-0E7C-414D-BA63-9A298ED16EAF}.Release|Any CPU.Build.0 = Release|Any CPU
	EndGlobalSection
	GlobalSection(SolutionProperties) = preSolution
		HideSolutionNode = FALSE
	EndGlobalSection
	GlobalSection(ExtensibilityGlobals) = postSolution
		SolutionGuid = {E3F78369-2E31-4BBE-A0DD-C54306523D8B}
	EndGlobalSection
EndGlobal
