
Microsoft Visual Studio Solution File, Format Version 12.00
# Visual Studio Version 17
VisualStudioVersion = 17.8.34330.188
MinimumVisualStudioVersion = 10.0.40219.1
Project("{9A19103F-16F7-4668-BE54-9A1E7A4F7556}") = "ClassBoxData", "ClassBoxData\ClassBoxData.csproj", "{A82B9738-E289-4D8A-B444-4C3320AC82C3}"
EndProject
Project("{9A19103F-16F7-4668-BE54-9A1E7A4F7556}") = "AnimalFarm", "AnimalFarm\AnimalFarm.csproj", "{D543E74D-5131-4939-9EE7-ECBB884F1529}"
EndProject
Project("{FAE04EC0-301F-11D3-BF4B-00C04F79EFBC}") = "ShoppingSpree", "ShoppingSpree\ShoppingSpree.csproj", "{B34921FA-9868-4AC2-A05A-37755D29848B}"
EndProject
Project("{FAE04EC0-301F-11D3-BF4B-00C04F79EFBC}") = "PizzaCalories", "PizzaCalories\PizzaCalories.csproj", "{4869F3B8-2D97-4617-8AEA-B413FBA665C6}"
EndProject
Project("{FAE04EC0-301F-11D3-BF4B-00C04F79EFBC}") = "FootballTeamGenerator", "FootballTeamGenerator\FootballTeamGenerator.csproj", "{0F2640A2-0384-431B-A21D-512997D1AA9F}"
EndProject
Global
	GlobalSection(SolutionConfigurationPlatforms) = preSolution
		Debug|Any CPU = Debug|Any CPU
		Release|Any CPU = Release|Any CPU
	EndGlobalSection
	GlobalSection(ProjectConfigurationPlatforms) = postSolution
		{A82B9738-E289-4D8A-B444-4C3320AC82C3}.Debug|Any CPU.ActiveCfg = Debug|Any CPU
		{A82B9738-E289-4D8A-B444-4C3320AC82C3}.Debug|Any CPU.Build.0 = Debug|Any CPU
		{A82B9738-E289-4D8A-B444-4C3320AC82C3}.Release|Any CPU.ActiveCfg = Release|Any CPU
		{A82B9738-E289-4D8A-B444-4C3320AC82C3}.Release|Any CPU.Build.0 = Release|Any CPU
		{D543E74D-5131-4939-9EE7-ECBB884F1529}.Debug|Any CPU.ActiveCfg = Debug|Any CPU
		{D543E74D-5131-4939-9EE7-ECBB884F1529}.Debug|Any CPU.Build.0 = Debug|Any CPU
		{D543E74D-5131-4939-9EE7-ECBB884F1529}.Release|Any CPU.ActiveCfg = Release|Any CPU
		{D543E74D-5131-4939-9EE7-ECBB884F1529}.Release|Any CPU.Build.0 = Release|Any CPU
		{B34921FA-9868-4AC2-A05A-37755D29848B}.Debug|Any CPU.ActiveCfg = Debug|Any CPU
		{B34921FA-9868-4AC2-A05A-37755D29848B}.Debug|Any CPU.Build.0 = Debug|Any CPU
		{B34921FA-9868-4AC2-A05A-37755D29848B}.Release|Any CPU.ActiveCfg = Release|Any CPU
		{B34921FA-9868-4AC2-A05A-37755D29848B}.Release|Any CPU.Build.0 = Release|Any CPU
		{4869F3B8-2D97-4617-8AEA-B413FBA665C6}.Debug|Any CPU.ActiveCfg = Debug|Any CPU
		{4869F3B8-2D97-4617-8AEA-B413FBA665C6}.Debug|Any CPU.Build.0 = Debug|Any CPU
		{4869F3B8-2D97-4617-8AEA-B413FBA665C6}.Release|Any CPU.ActiveCfg = Release|Any CPU
		{4869F3B8-2D97-4617-8AEA-B413FBA665C6}.Release|Any CPU.Build.0 = Release|Any CPU
		{0F2640A2-0384-431B-A21D-512997D1AA9F}.Debug|Any CPU.ActiveCfg = Debug|Any CPU
		{0F2640A2-0384-431B-A21D-512997D1AA9F}.Debug|Any CPU.Build.0 = Debug|Any CPU
		{0F2640A2-0384-431B-A21D-512997D1AA9F}.Release|Any CPU.ActiveCfg = Release|Any CPU
		{0F2640A2-0384-431B-A21D-512997D1AA9F}.Release|Any CPU.Build.0 = Release|Any CPU
	EndGlobalSection
	GlobalSection(SolutionProperties) = preSolution
		HideSolutionNode = FALSE
	EndGlobalSection
	GlobalSection(ExtensibilityGlobals) = postSolution
		SolutionGuid = {40D4B65F-F6CC-405B-B7E9-5125F7DCBF8D}
	EndGlobalSection
EndGlobal
