
Microsoft Visual Studio Solution File, Format Version 12.00
# Visual Studio Version 17
VisualStudioVersion = 17.5.33530.505
MinimumVisualStudioVersion = 10.0.40219.1
Project("{FAE04EC0-301F-11D3-BF4B-00C04F79EFBC}") = "Integer Operations", "Integer Operations\Integer Operations.csproj", "{B2EB752E-23C7-4B3D-B521-6A54400B5935}"
EndProject
Project("{FAE04EC0-301F-11D3-BF4B-00C04F79EFBC}") = "SumDigits", "SumDigits\SumDigits.csproj", "{AF2A301D-48FE-430F-91FE-ED22258310E9}"
EndProject
Project("{FAE04EC0-301F-11D3-BF4B-00C04F79EFBC}") = "Elevator", "Elevator\Elevator.csproj", "{11BE41B7-E95F-417C-83DE-684C12C17E80}"
EndProject
Global
	GlobalSection(SolutionConfigurationPlatforms) = preSolution
		Debug|Any CPU = Debug|Any CPU
		Release|Any CPU = Release|Any CPU
	EndGlobalSection
	GlobalSection(ProjectConfigurationPlatforms) = postSolution
		{B2EB752E-23C7-4B3D-B521-6A54400B5935}.Debug|Any CPU.ActiveCfg = Debug|Any CPU
		{B2EB752E-23C7-4B3D-B521-6A54400B5935}.Debug|Any CPU.Build.0 = Debug|Any CPU
		{B2EB752E-23C7-4B3D-B521-6A54400B5935}.Release|Any CPU.ActiveCfg = Release|Any CPU
		{B2EB752E-23C7-4B3D-B521-6A54400B5935}.Release|Any CPU.Build.0 = Release|Any CPU
		{AF2A301D-48FE-430F-91FE-ED22258310E9}.Debug|Any CPU.ActiveCfg = Debug|Any CPU
		{AF2A301D-48FE-430F-91FE-ED22258310E9}.Debug|Any CPU.Build.0 = Debug|Any CPU
		{AF2A301D-48FE-430F-91FE-ED22258310E9}.Release|Any CPU.ActiveCfg = Release|Any CPU
		{AF2A301D-48FE-430F-91FE-ED22258310E9}.Release|Any CPU.Build.0 = Release|Any CPU
		{11BE41B7-E95F-417C-83DE-684C12C17E80}.Debug|Any CPU.ActiveCfg = Debug|Any CPU
		{11BE41B7-E95F-417C-83DE-684C12C17E80}.Debug|Any CPU.Build.0 = Debug|Any CPU
		{11BE41B7-E95F-417C-83DE-684C12C17E80}.Release|Any CPU.ActiveCfg = Release|Any CPU
		{11BE41B7-E95F-417C-83DE-684C12C17E80}.Release|Any CPU.Build.0 = Release|Any CPU
	EndGlobalSection
	GlobalSection(SolutionProperties) = preSolution
		HideSolutionNode = FALSE
	EndGlobalSection
	GlobalSection(ExtensibilityGlobals) = postSolution
		SolutionGuid = {8186088C-47DE-4C6B-8339-9A03C9F7EFD9}
	EndGlobalSection
EndGlobal
