
Microsoft Visual Studio Solution File, Format Version 12.00
# Visual Studio Version 17
VisualStudioVersion = 17.9.34607.119
MinimumVisualStudioVersion = 10.0.40219.1
Project("{9A19103F-16F7-4668-BE54-9A1E7A4F7556}") = "InfluencerManagerApp", "InfluencerManagerApp\InfluencerManagerApp.csproj", "{DE384213-4124-47DE-B539-826A6A0ACF9D}"
EndProject
Global
	GlobalSection(SolutionConfigurationPlatforms) = preSolution
		Debug|Any CPU = Debug|Any CPU
		Release|Any CPU = Release|Any CPU
	EndGlobalSection
	GlobalSection(ProjectConfigurationPlatforms) = postSolution
		{DE384213-4124-47DE-B539-826A6A0ACF9D}.Debug|Any CPU.ActiveCfg = Debug|Any CPU
		{DE384213-4124-47DE-B539-826A6A0ACF9D}.Debug|Any CPU.Build.0 = Debug|Any CPU
		{DE384213-4124-47DE-B539-826A6A0ACF9D}.Release|Any CPU.ActiveCfg = Release|Any CPU
		{DE384213-4124-47DE-B539-826A6A0ACF9D}.Release|Any CPU.Build.0 = Release|Any CPU
	EndGlobalSection
	GlobalSection(SolutionProperties) = preSolution
		HideSolutionNode = FALSE
	EndGlobalSection
	GlobalSection(ExtensibilityGlobals) = postSolution
		SolutionGuid = {86A57F7D-DD7A-4C67-92F6-2BFBE5D86274}
	EndGlobalSection
EndGlobal
