
Microsoft Visual Studio Solution File, Format Version 12.00
# Visual Studio Version 17
VisualStudioVersion = 17.8.34330.188
MinimumVisualStudioVersion = 10.0.40219.1
Project("{FAE04EC0-301F-11D3-BF4B-00C04F79EFBC}") = "Car", "Car\Car.csproj", "{A414AE64-8DBE-4253-80A7-0449D5707F5A}"
EndProject
Project("{FAE04EC0-301F-11D3-BF4B-00C04F79EFBC}") = "CarExtension", "CarExtension\CarExtension.csproj", "{A0B04568-1089-4B3C-859D-55CE5BA57D5E}"
EndProject
Project("{FAE04EC0-301F-11D3-BF4B-00C04F79EFBC}") = "CarConstructors", "CarConstructors\CarConstructors.csproj", "{1DD28EE5-F751-4C14-B967-F0D515B1F636}"
EndProject
Project("{FAE04EC0-301F-11D3-BF4B-00C04F79EFBC}") = "CarEngineAndTires", "CarEngineAndTires\CarEngineAndTires.csproj", "{C05A5037-97E9-4573-9D3E-8683E880AE6D}"
EndProject
Project("{FAE04EC0-301F-11D3-BF4B-00C04F79EFBC}") = "SpecialCars", "SpecialCars\SpecialCars.csproj", "{3448A1D8-1573-4358-9906-99C241EAEDF3}"
EndProject
Global
	GlobalSection(SolutionConfigurationPlatforms) = preSolution
		Debug|Any CPU = Debug|Any CPU
		Release|Any CPU = Release|Any CPU
	EndGlobalSection
	GlobalSection(ProjectConfigurationPlatforms) = postSolution
		{A414AE64-8DBE-4253-80A7-0449D5707F5A}.Debug|Any CPU.ActiveCfg = Debug|Any CPU
		{A414AE64-8DBE-4253-80A7-0449D5707F5A}.Debug|Any CPU.Build.0 = Debug|Any CPU
		{A414AE64-8DBE-4253-80A7-0449D5707F5A}.Release|Any CPU.ActiveCfg = Release|Any CPU
		{A414AE64-8DBE-4253-80A7-0449D5707F5A}.Release|Any CPU.Build.0 = Release|Any CPU
		{A0B04568-1089-4B3C-859D-55CE5BA57D5E}.Debug|Any CPU.ActiveCfg = Debug|Any CPU
		{A0B04568-1089-4B3C-859D-55CE5BA57D5E}.Debug|Any CPU.Build.0 = Debug|Any CPU
		{A0B04568-1089-4B3C-859D-55CE5BA57D5E}.Release|Any CPU.ActiveCfg = Release|Any CPU
		{A0B04568-1089-4B3C-859D-55CE5BA57D5E}.Release|Any CPU.Build.0 = Release|Any CPU
		{1DD28EE5-F751-4C14-B967-F0D515B1F636}.Debug|Any CPU.ActiveCfg = Debug|Any CPU
		{1DD28EE5-F751-4C14-B967-F0D515B1F636}.Debug|Any CPU.Build.0 = Debug|Any CPU
		{1DD28EE5-F751-4C14-B967-F0D515B1F636}.Release|Any CPU.ActiveCfg = Release|Any CPU
		{1DD28EE5-F751-4C14-B967-F0D515B1F636}.Release|Any CPU.Build.0 = Release|Any CPU
		{C05A5037-97E9-4573-9D3E-8683E880AE6D}.Debug|Any CPU.ActiveCfg = Debug|Any CPU
		{C05A5037-97E9-4573-9D3E-8683E880AE6D}.Debug|Any CPU.Build.0 = Debug|Any CPU
		{C05A5037-97E9-4573-9D3E-8683E880AE6D}.Release|Any CPU.ActiveCfg = Release|Any CPU
		{C05A5037-97E9-4573-9D3E-8683E880AE6D}.Release|Any CPU.Build.0 = Release|Any CPU
		{3448A1D8-1573-4358-9906-99C241EAEDF3}.Debug|Any CPU.ActiveCfg = Debug|Any CPU
		{3448A1D8-1573-4358-9906-99C241EAEDF3}.Debug|Any CPU.Build.0 = Debug|Any CPU
		{3448A1D8-1573-4358-9906-99C241EAEDF3}.Release|Any CPU.ActiveCfg = Release|Any CPU
		{3448A1D8-1573-4358-9906-99C241EAEDF3}.Release|Any CPU.Build.0 = Release|Any CPU
	EndGlobalSection
	GlobalSection(SolutionProperties) = preSolution
		HideSolutionNode = FALSE
	EndGlobalSection
	GlobalSection(ExtensibilityGlobals) = postSolution
		SolutionGuid = {DC12F59C-0B45-4690-88AB-63A91503EC03}
	EndGlobalSection
EndGlobal
