
Microsoft Visual Studio Solution File, Format Version 12.00
# Visual Studio Version 17
VisualStudioVersion = 17.8.34330.188
MinimumVisualStudioVersion = 10.0.40219.1
Project("{FAE04EC0-301F-11D3-BF4B-00C04F79EFBC}") = "IteratorsAndComparators", "Library\IteratorsAndComparators.csproj", "{413C49C7-3131-4D4B-8933-BF3899378B7B}"
EndProject
Project("{FAE04EC0-301F-11D3-BF4B-00C04F79EFBC}") = "Demo", "Demo\Demo.csproj", "{F189C025-C24B-4EEC-9153-000E9FA9C2D3}"
EndProject
Global
	GlobalSection(SolutionConfigurationPlatforms) = preSolution
		Debug|Any CPU = Debug|Any CPU
		Release|Any CPU = Release|Any CPU
	EndGlobalSection
	GlobalSection(ProjectConfigurationPlatforms) = postSolution
		{413C49C7-3131-4D4B-8933-BF3899378B7B}.Debug|Any CPU.ActiveCfg = Debug|Any CPU
		{413C49C7-3131-4D4B-8933-BF3899378B7B}.Debug|Any CPU.Build.0 = Debug|Any CPU
		{413C49C7-3131-4D4B-8933-BF3899378B7B}.Release|Any CPU.ActiveCfg = Release|Any CPU
		{413C49C7-3131-4D4B-8933-BF3899378B7B}.Release|Any CPU.Build.0 = Release|Any CPU
		{F189C025-C24B-4EEC-9153-000E9FA9C2D3}.Debug|Any CPU.ActiveCfg = Debug|Any CPU
		{F189C025-C24B-4EEC-9153-000E9FA9C2D3}.Debug|Any CPU.Build.0 = Debug|Any CPU
		{F189C025-C24B-4EEC-9153-000E9FA9C2D3}.Release|Any CPU.ActiveCfg = Release|Any CPU
		{F189C025-C24B-4EEC-9153-000E9FA9C2D3}.Release|Any CPU.Build.0 = Release|Any CPU
	EndGlobalSection
	GlobalSection(SolutionProperties) = preSolution
		HideSolutionNode = FALSE
	EndGlobalSection
	GlobalSection(ExtensibilityGlobals) = postSolution
		SolutionGuid = {69AC8830-A17B-48A4-ADFD-3D31E8362B8A}
	EndGlobalSection
EndGlobal
