
Microsoft Visual Studio Solution File, Format Version 12.00
# Visual Studio Version 17
VisualStudioVersion = 17.8.34330.188
MinimumVisualStudioVersion = 10.0.40219.1
Project("{FAE04EC0-301F-11D3-BF4B-00C04F79EFBC}") = "CustomDoublyLinkedList", "CustomDoublyLinkedList\CustomDoublyLinkedList.csproj", "{623C6285-6278-43B7-939C-0AC21527E44C}"
EndProject
Global
	GlobalSection(SolutionConfigurationPlatforms) = preSolution
		Debug|Any CPU = Debug|Any CPU
		Release|Any CPU = Release|Any CPU
	EndGlobalSection
	GlobalSection(ProjectConfigurationPlatforms) = postSolution
		{623C6285-6278-43B7-939C-0AC21527E44C}.Debug|Any CPU.ActiveCfg = Debug|Any CPU
		{623C6285-6278-43B7-939C-0AC21527E44C}.Debug|Any CPU.Build.0 = Debug|Any CPU
		{623C6285-6278-43B7-939C-0AC21527E44C}.Release|Any CPU.ActiveCfg = Release|Any CPU
		{623C6285-6278-43B7-939C-0AC21527E44C}.Release|Any CPU.Build.0 = Release|Any CPU
	EndGlobalSection
	GlobalSection(SolutionProperties) = preSolution
		HideSolutionNode = FALSE
	EndGlobalSection
	GlobalSection(ExtensibilityGlobals) = postSolution
		SolutionGuid = {30DFFF14-2A04-4100-B012-41BB94B965FB}
	EndGlobalSection
EndGlobal
