
Microsoft Visual Studio Solution File, Format Version 12.00
# Visual Studio Version 17
VisualStudioVersion = 17.5.33530.505
MinimumVisualStudioVersion = 10.0.40219.1
Project("{FAE04EC0-301F-11D3-BF4B-00C04F79EFBC}") = "Problem1-CounterStrike", "Problem1-CounterStrike\Problem1-CounterStrike.csproj", "{1F7B8254-B6E9-45F2-A892-497001AD81AF}"
EndProject
Project("{FAE04EC0-301F-11D3-BF4B-00C04F79EFBC}") = "Problem2-TreasureHunt", "Problem2-TreasureHunt\Problem2-TreasureHunt.csproj", "{515D494D-CC2E-4649-8101-11AAFDA0796F}"
EndProject
Global
	GlobalSection(SolutionConfigurationPlatforms) = preSolution
		Debug|Any CPU = Debug|Any CPU
		Release|Any CPU = Release|Any CPU
	EndGlobalSection
	GlobalSection(ProjectConfigurationPlatforms) = postSolution
		{1F7B8254-B6E9-45F2-A892-497001AD81AF}.Debug|Any CPU.ActiveCfg = Debug|Any CPU
		{1F7B8254-B6E9-45F2-A892-497001AD81AF}.Debug|Any CPU.Build.0 = Debug|Any CPU
		{1F7B8254-B6E9-45F2-A892-497001AD81AF}.Release|Any CPU.ActiveCfg = Release|Any CPU
		{1F7B8254-B6E9-45F2-A892-497001AD81AF}.Release|Any CPU.Build.0 = Release|Any CPU
		{515D494D-CC2E-4649-8101-11AAFDA0796F}.Debug|Any CPU.ActiveCfg = Debug|Any CPU
		{515D494D-CC2E-4649-8101-11AAFDA0796F}.Debug|Any CPU.Build.0 = Debug|Any CPU
		{515D494D-CC2E-4649-8101-11AAFDA0796F}.Release|Any CPU.ActiveCfg = Release|Any CPU
		{515D494D-CC2E-4649-8101-11AAFDA0796F}.Release|Any CPU.Build.0 = Release|Any CPU
	EndGlobalSection
	GlobalSection(SolutionProperties) = preSolution
		HideSolutionNode = FALSE
	EndGlobalSection
	GlobalSection(ExtensibilityGlobals) = postSolution
		SolutionGuid = {5C642EE3-84B5-482A-AC32-3F6B573A2AAD}
	EndGlobalSection
EndGlobal
