
Microsoft Visual Studio Solution File, Format Version 12.00
# Visual Studio Version 17
VisualStudioVersion = 17.8.34330.188
MinimumVisualStudioVersion = 10.0.40219.1
Project("{9A19103F-16F7-4668-BE54-9A1E7A4F7556}") = "GenericBoxOfString", "GenericBoxOfString\GenericBoxOfString.csproj", "{511AB3E6-B3C8-43A1-AAF5-0DD52C320E4C}"
EndProject
Project("{9A19103F-16F7-4668-BE54-9A1E7A4F7556}") = "GenericSwapMethod", "GenericSwapMethod\GenericSwapMethod.csproj", "{63FCFBA6-4846-4F83-86AC-7B47AF6263E4}"
EndProject
Project("{FAE04EC0-301F-11D3-BF4B-00C04F79EFBC}") = "GenericCountMethod", "GenericCountMethod\GenericCountMethod.csproj", "{0FF3178C-D6D6-4BD0-B9E0-872CF1DF5B01}"
EndProject
Project("{FAE04EC0-301F-11D3-BF4B-00C04F79EFBC}") = "Tuple", "Tuple\Tuple.csproj", "{E529A3F7-C1C3-4B63-AC7F-F13F15A03C1E}"
EndProject
Global
	GlobalSection(SolutionConfigurationPlatforms) = preSolution
		Debug|Any CPU = Debug|Any CPU
		Release|Any CPU = Release|Any CPU
	EndGlobalSection
	GlobalSection(ProjectConfigurationPlatforms) = postSolution
		{511AB3E6-B3C8-43A1-AAF5-0DD52C320E4C}.Debug|Any CPU.ActiveCfg = Debug|Any CPU
		{511AB3E6-B3C8-43A1-AAF5-0DD52C320E4C}.Debug|Any CPU.Build.0 = Debug|Any CPU
		{511AB3E6-B3C8-43A1-AAF5-0DD52C320E4C}.Release|Any CPU.ActiveCfg = Release|Any CPU
		{511AB3E6-B3C8-43A1-AAF5-0DD52C320E4C}.Release|Any CPU.Build.0 = Release|Any CPU
		{63FCFBA6-4846-4F83-86AC-7B47AF6263E4}.Debug|Any CPU.ActiveCfg = Debug|Any CPU
		{63FCFBA6-4846-4F83-86AC-7B47AF6263E4}.Debug|Any CPU.Build.0 = Debug|Any CPU
		{63FCFBA6-4846-4F83-86AC-7B47AF6263E4}.Release|Any CPU.ActiveCfg = Release|Any CPU
		{63FCFBA6-4846-4F83-86AC-7B47AF6263E4}.Release|Any CPU.Build.0 = Release|Any CPU
		{0FF3178C-D6D6-4BD0-B9E0-872CF1DF5B01}.Debug|Any CPU.ActiveCfg = Debug|Any CPU
		{0FF3178C-D6D6-4BD0-B9E0-872CF1DF5B01}.Debug|Any CPU.Build.0 = Debug|Any CPU
		{0FF3178C-D6D6-4BD0-B9E0-872CF1DF5B01}.Release|Any CPU.ActiveCfg = Release|Any CPU
		{0FF3178C-D6D6-4BD0-B9E0-872CF1DF5B01}.Release|Any CPU.Build.0 = Release|Any CPU
		{E529A3F7-C1C3-4B63-AC7F-F13F15A03C1E}.Debug|Any CPU.ActiveCfg = Debug|Any CPU
		{E529A3F7-C1C3-4B63-AC7F-F13F15A03C1E}.Debug|Any CPU.Build.0 = Debug|Any CPU
		{E529A3F7-C1C3-4B63-AC7F-F13F15A03C1E}.Release|Any CPU.ActiveCfg = Release|Any CPU
		{E529A3F7-C1C3-4B63-AC7F-F13F15A03C1E}.Release|Any CPU.Build.0 = Release|Any CPU
	EndGlobalSection
	GlobalSection(SolutionProperties) = preSolution
		HideSolutionNode = FALSE
	EndGlobalSection
	GlobalSection(ExtensibilityGlobals) = postSolution
		SolutionGuid = {2665F174-1D2F-4CA2-98CD-9F7B8315B268}
	EndGlobalSection
EndGlobal
