
Microsoft Visual Studio Solution File, Format Version 12.00
# Visual Studio Version 17
VisualStudioVersion = 17.8.34330.188
MinimumVisualStudioVersion = 10.0.40219.1
Project("{FAE04EC0-301F-11D3-BF4B-00C04F79EFBC}") = "Matrixes", "Utility\Matrixes.csproj", "{681A488B-1B0E-4B10-9423-DB9C103AD0AF}"
EndProject
Project("{FAE04EC0-301F-11D3-BF4B-00C04F79EFBC}") = "ListsStacksQueuesArrays", "ListsStacksQueuesArraysDictionaries\ListsStacksQueuesArrays.csproj", "{4D7F4DF5-2478-4F3A-9814-9110EDF7BC29}"
EndProject
Global
	GlobalSection(SolutionConfigurationPlatforms) = preSolution
		Debug|Any CPU = Debug|Any CPU
		Release|Any CPU = Release|Any CPU
	EndGlobalSection
	GlobalSection(ProjectConfigurationPlatforms) = postSolution
		{681A488B-1B0E-4B10-9423-DB9C103AD0AF}.Debug|Any CPU.ActiveCfg = Debug|Any CPU
		{681A488B-1B0E-4B10-9423-DB9C103AD0AF}.Debug|Any CPU.Build.0 = Debug|Any CPU
		{681A488B-1B0E-4B10-9423-DB9C103AD0AF}.Release|Any CPU.ActiveCfg = Release|Any CPU
		{681A488B-1B0E-4B10-9423-DB9C103AD0AF}.Release|Any CPU.Build.0 = Release|Any CPU
		{4D7F4DF5-2478-4F3A-9814-9110EDF7BC29}.Debug|Any CPU.ActiveCfg = Debug|Any CPU
		{4D7F4DF5-2478-4F3A-9814-9110EDF7BC29}.Debug|Any CPU.Build.0 = Debug|Any CPU
		{4D7F4DF5-2478-4F3A-9814-9110EDF7BC29}.Release|Any CPU.ActiveCfg = Release|Any CPU
		{4D7F4DF5-2478-4F3A-9814-9110EDF7BC29}.Release|Any CPU.Build.0 = Release|Any CPU
	EndGlobalSection
	GlobalSection(SolutionProperties) = preSolution
		HideSolutionNode = FALSE
	EndGlobalSection
	GlobalSection(ExtensibilityGlobals) = postSolution
		SolutionGuid = {2ADC40D1-2A3A-4DDD-A914-44B0F33383A7}
	EndGlobalSection
EndGlobal
